
Microsoft Visual Studio Solution File, Format Version 12.00
# Visual Studio Version 16
VisualStudioVersion = 16.0.29613.14
MinimumVisualStudioVersion = 10.0.40219.1
Project("{FAE04EC0-301F-11D3-BF4B-00C04F79EFBC}") = "mis42p2rd484215", "mis42p2rd484215.csproj", "{418BC61C-7725-451D-9CF9-7812D8282A56}"
EndProject
Global
	GlobalSection(SolutionConfigurationPlatforms) = preSolution
		Debug|Any CPU = Debug|Any CPU
		Release|Any CPU = Release|Any CPU
	EndGlobalSection
	GlobalSection(ProjectConfigurationPlatforms) = postSolution
		{418BC61C-7725-451D-9CF9-7812D8282A56}.Debug|Any CPU.ActiveCfg = Debug|Any CPU
		{418BC61C-7725-451D-9CF9-7812D8282A56}.Debug|Any CPU.Build.0 = Debug|Any CPU
		{418BC61C-7725-451D-9CF9-7812D8282A56}.Release|Any CPU.ActiveCfg = Release|Any CPU
		{418BC61C-7725-451D-9CF9-7812D8282A56}.Release|Any CPU.Build.0 = Release|Any CPU
	EndGlobalSection
	GlobalSection(SolutionProperties) = preSolution
		HideSolutionNode = FALSE
	EndGlobalSection
	GlobalSection(ExtensibilityGlobals) = postSolution
		SolutionGuid = {DECA2406-736B-4908-A919-B5694BF55A68}
	EndGlobalSection
EndGlobal
